
Microsoft Visual Studio Solution File, Format Version 12.00
# Visual Studio Version 17
VisualStudioVersion = 17.2.32519.379
MinimumVisualStudioVersion = 10.0.40219.1
Project("{FAE04EC0-301F-11D3-BF4B-00C04F79EFBC}") = "ReceiptSacanner", "ReceiptSacanner\ReceiptSacanner.csproj", "{3644E390-5CB2-48F5-853A-D9ADB9BCDFAA}"
EndProject
Global
	GlobalSection(SolutionConfigurationPlatforms) = preSolution
		Debug|Any CPU = Debug|Any CPU
		Release|Any CPU = Release|Any CPU
	EndGlobalSection
	GlobalSection(ProjectConfigurationPlatforms) = postSolution
		{3644E390-5CB2-48F5-853A-D9ADB9BCDFAA}.Debug|Any CPU.ActiveCfg = Debug|Any CPU
		{3644E390-5CB2-48F5-853A-D9ADB9BCDFAA}.Debug|Any CPU.Build.0 = Debug|Any CPU
		{3644E390-5CB2-48F5-853A-D9ADB9BCDFAA}.Release|Any CPU.ActiveCfg = Release|Any CPU
		{3644E390-5CB2-48F5-853A-D9ADB9BCDFAA}.Release|Any CPU.Build.0 = Release|Any CPU
	EndGlobalSection
	GlobalSection(SolutionProperties) = preSolution
		HideSolutionNode = FALSE
	EndGlobalSection
	GlobalSection(ExtensibilityGlobals) = postSolution
		SolutionGuid = {C63D14BC-24C8-4D2F-A897-DE8C04080291}
	EndGlobalSection
EndGlobal
